// !$*UTF8*$!
{
	archiveVersion = 1;
	classes = {
	};
	objectVersion = 46;
	objects = {

/* Begin PBXAggregateTarget section */
		A398A6231CDED3840034831A /* Compile Playgrounds */ = {
			isa = PBXAggregateTarget;
			buildConfigurationList = A398A6241CDED3840034831A /* Build configuration list for PBXAggregateTarget "Compile Playgrounds" */;
			buildPhases = (
				A398A6341CDED4EB0034831A /* ShellScript */,
			);
			dependencies = (
			);
			name = "Compile Playgrounds";
			productName = "Compile Playgrounds";
		};
/* End PBXAggregateTarget section */

/* Begin PBXBuildFile section */
		7D4D5A8A1D9704A000619CA5 /* main.swift in Sources */ = {isa = PBXBuildFile; fileRef = 7D4D5A891D9704A000619CA5 /* main.swift */; };
		7D4D5A921D97053E00619CA5 /* TEST_LEVELS.swift in Sources */ = {isa = PBXBuildFile; fileRef = 7D4D5A911D97053E00619CA5 /* TEST_LEVELS.swift */; };
		7D4D5A941D970ABE00619CA5 /* libSwiftBot.dylib in Frameworks */ = {isa = PBXBuildFile; fileRef = A38D92BE1D0A6D8E003CD997 /* libSwiftBot.dylib */; };
		A38D92C21D0A6D9E003CD997 /* Execution.swift in Sources */ = {isa = PBXBuildFile; fileRef = A398A6401CDED9D90034831A /* Execution.swift */; };
		A38D92C31D0A6DAC003CD997 /* Geometry.swift in Sources */ = {isa = PBXBuildFile; fileRef = A398A6411CDED9D90034831A /* Geometry.swift */; };
		A38D92C41D0A6DAC003CD997 /* Level.swift in Sources */ = {isa = PBXBuildFile; fileRef = A398A6421CDED9D90034831A /* Level.swift */; };
		A38D92C51D0A6DAC003CD997 /* Map.swift in Sources */ = {isa = PBXBuildFile; fileRef = A398A6431CDED9D90034831A /* Map.swift */; };
		A38D92C61D0A6DAC003CD997 /* RobotInstructions.swift in Sources */ = {isa = PBXBuildFile; fileRef = A34F9E941CED565B00EF361C /* RobotInstructions.swift */; };
		A38D92C71D0A6DAC003CD997 /* Debug.swift in Sources */ = {isa = PBXBuildFile; fileRef = A34F9E961CED613200EF361C /* Debug.swift */; };
		A38D92D01D0E553A003CD997 /* AppDelegate.swift in Sources */ = {isa = PBXBuildFile; fileRef = A38D92CF1D0E553A003CD997 /* AppDelegate.swift */; };
		A38D92D21D0E553A003CD997 /* ViewController.swift in Sources */ = {isa = PBXBuildFile; fileRef = A38D92D11D0E553A003CD997 /* ViewController.swift */; };
		A38D92D41D0E553A003CD997 /* Assets.xcassets in Resources */ = {isa = PBXBuildFile; fileRef = A38D92D31D0E553A003CD997 /* Assets.xcassets */; };
		A38D92D71D0E553A003CD997 /* Main.storyboard in Resources */ = {isa = PBXBuildFile; fileRef = A38D92D51D0E553A003CD997 /* Main.storyboard */; };
		A38D92E21D0E5739003CD997 /* BufferSource.swift in Sources */ = {isa = PBXBuildFile; fileRef = A38D92E11D0E5739003CD997 /* BufferSource.swift */; };
		A38D92E81D0E5A00003CD997 /* Shaders.metal in Sources */ = {isa = PBXBuildFile; fileRef = A38D92E51D0E595B003CD997 /* Shaders.metal */; };
		A38D92EA1D0E5C53003CD997 /* MetalWorker.swift in Sources */ = {isa = PBXBuildFile; fileRef = A38D92E91D0E5C53003CD997 /* MetalWorker.swift */; };
		A38D92EC1D0E602D003CD997 /* Renderer.swift in Sources */ = {isa = PBXBuildFile; fileRef = A38D92EB1D0E602D003CD997 /* Renderer.swift */; };
		A38D92EF1D0E6222003CD997 /* RendererTypes.swift in Sources */ = {isa = PBXBuildFile; fileRef = A38D92EE1D0E6222003CD997 /* RendererTypes.swift */; };
		A38D92F41D0E6DFB003CD997 /* LEVELS.swift in Sources */ = {isa = PBXBuildFile; fileRef = A38D92F31D0E6DFB003CD997 /* LEVELS.swift */; };
/* End PBXBuildFile section */

/* Begin PBXContainerItemProxy section */
		A38D92DC1D0E554C003CD997 /* PBXContainerItemProxy */ = {
			isa = PBXContainerItemProxy;
			containerPortal = A398A61B1CDED3460034831A /* Project object */;
			proxyType = 1;
			remoteGlobalIDString = A38D92BD1D0A6D8E003CD997;
			remoteInfo = SwiftBot;
		};
/* End PBXContainerItemProxy section */

/* Begin PBXCopyFilesBuildPhase section */
		7D4D5A851D9704A000619CA5 /* CopyFiles */ = {
			isa = PBXCopyFilesBuildPhase;
			buildActionMask = 2147483647;
			dstPath = "";
			dstSubfolderSpec = 10;
			files = (
			);
			runOnlyForDeploymentPostprocessing = 1;
		};
/* End PBXCopyFilesBuildPhase section */

/* Begin PBXFileReference section */
		7D4D5A871D9704A000619CA5 /* SwiftBot-Solution-Tester */ = {isa = PBXFileReference; explicitFileType = "compiled.mach-o.executable"; includeInIndex = 0; path = "SwiftBot-Solution-Tester"; sourceTree = BUILT_PRODUCTS_DIR; };
		7D4D5A891D9704A000619CA5 /* main.swift */ = {isa = PBXFileReference; lastKnownFileType = sourcecode.swift; path = main.swift; sourceTree = "<group>"; };
		7D4D5A911D97053E00619CA5 /* TEST_LEVELS.swift */ = {isa = PBXFileReference; fileEncoding = 4; lastKnownFileType = sourcecode.swift; path = TEST_LEVELS.swift; sourceTree = "<group>"; };
		7DA3F2F31CE3A0CF00AE5B53 /* RobotView.swift */ = {isa = PBXFileReference; lastKnownFileType = sourcecode.swift; path = RobotView.swift; sourceTree = "<group>"; };
		7DA3F2F41CEB9CF900AE5B53 /* Maze.playground */ = {isa = PBXFileReference; lastKnownFileType = file.playground; path = Maze.playground; sourceTree = "<group>"; };
		A34F9E941CED565B00EF361C /* RobotInstructions.swift */ = {isa = PBXFileReference; fileEncoding = 4; lastKnownFileType = sourcecode.swift; path = RobotInstructions.swift; sourceTree = "<group>"; };
		A34F9E961CED613200EF361C /* Debug.swift */ = {isa = PBXFileReference; fileEncoding = 4; lastKnownFileType = sourcecode.swift; path = Debug.swift; sourceTree = "<group>"; };
		A38D92BE1D0A6D8E003CD997 /* libSwiftBot.dylib */ = {isa = PBXFileReference; explicitFileType = "compiled.mach-o.dylib"; includeInIndex = 0; path = libSwiftBot.dylib; sourceTree = BUILT_PRODUCTS_DIR; };
		A38D92CD1D0E5539003CD997 /* SwiftBot-Prototyper.app */ = {isa = PBXFileReference; explicitFileType = wrapper.application; includeInIndex = 0; path = "SwiftBot-Prototyper.app"; sourceTree = BUILT_PRODUCTS_DIR; };
		A38D92CF1D0E553A003CD997 /* AppDelegate.swift */ = {isa = PBXFileReference; lastKnownFileType = sourcecode.swift; path = AppDelegate.swift; sourceTree = "<group>"; };
		A38D92D11D0E553A003CD997 /* ViewController.swift */ = {isa = PBXFileReference; lastKnownFileType = sourcecode.swift; path = ViewController.swift; sourceTree = "<group>"; };
		A38D92D31D0E553A003CD997 /* Assets.xcassets */ = {isa = PBXFileReference; lastKnownFileType = folder.assetcatalog; path = Assets.xcassets; sourceTree = "<group>"; };
		A38D92D61D0E553A003CD997 /* Base */ = {isa = PBXFileReference; lastKnownFileType = file.storyboard; name = Base; path = Base.lproj/Main.storyboard; sourceTree = "<group>"; };
		A38D92D81D0E553A003CD997 /* Info.plist */ = {isa = PBXFileReference; lastKnownFileType = text.plist.xml; path = Info.plist; sourceTree = "<group>"; };
		A38D92E11D0E5739003CD997 /* BufferSource.swift */ = {isa = PBXFileReference; fileEncoding = 4; lastKnownFileType = sourcecode.swift; path = BufferSource.swift; sourceTree = "<group>"; };
		A38D92E51D0E595B003CD997 /* Shaders.metal */ = {isa = PBXFileReference; fileEncoding = 4; lastKnownFileType = sourcecode.metal; path = Shaders.metal; sourceTree = "<group>"; };
		A38D92E91D0E5C53003CD997 /* MetalWorker.swift */ = {isa = PBXFileReference; fileEncoding = 4; lastKnownFileType = sourcecode.swift; path = MetalWorker.swift; sourceTree = "<group>"; };
		A38D92EB1D0E602D003CD997 /* Renderer.swift */ = {isa = PBXFileReference; fileEncoding = 4; lastKnownFileType = sourcecode.swift; path = Renderer.swift; sourceTree = "<group>"; };
		A38D92EE1D0E6222003CD997 /* RendererTypes.swift */ = {isa = PBXFileReference; fileEncoding = 4; lastKnownFileType = sourcecode.swift; path = RendererTypes.swift; sourceTree = "<group>"; };
		A38D92F31D0E6DFB003CD997 /* LEVELS.swift */ = {isa = PBXFileReference; fileEncoding = 4; lastKnownFileType = sourcecode.swift; name = LEVELS.swift; path = SwiftBot/Prototyping/LEVELS.swift; sourceTree = "<group>"; };
		A398A63D1CDED9CD0034831A /* Grid.playground */ = {isa = PBXFileReference; lastKnownFileType = file.playground; path = Grid.playground; sourceTree = "<group>"; };
		A398A63E1CDED9CD0034831A /* Conditions.playground */ = {isa = PBXFileReference; lastKnownFileType = file.playground; path = Conditions.playground; sourceTree = "<group>"; };
		A398A63F1CDED9CD0034831A /* Intro.playground */ = {isa = PBXFileReference; lastKnownFileType = file.playground; path = Intro.playground; sourceTree = "<group>"; };
		A398A6401CDED9D90034831A /* Execution.swift */ = {isa = PBXFileReference; lastKnownFileType = sourcecode.swift; path = Execution.swift; sourceTree = "<group>"; };
		A398A6411CDED9D90034831A /* Geometry.swift */ = {isa = PBXFileReference; lastKnownFileType = sourcecode.swift; path = Geometry.swift; sourceTree = "<group>"; };
		A398A6421CDED9D90034831A /* Level.swift */ = {isa = PBXFileReference; lastKnownFileType = sourcecode.swift; path = Level.swift; sourceTree = "<group>"; };
		A398A6431CDED9D90034831A /* Map.swift */ = {isa = PBXFileReference; lastKnownFileType = sourcecode.swift; path = Map.swift; sourceTree = "<group>"; };
		A398A6441CDED9D90034831A /* PlaygroundShim.swift */ = {isa = PBXFileReference; lastKnownFileType = sourcecode.swift; path = PlaygroundShim.swift; sourceTree = "<group>"; };
		A398A6461CDEDE400034831A /* Midpoint.playground */ = {isa = PBXFileReference; lastKnownFileType = file.playground; path = Midpoint.playground; sourceTree = "<group>"; };
		A3CBABE11CE024FA002295C9 /* SwiftBot.h */ = {isa = PBXFileReference; lastKnownFileType = sourcecode.c.h; path = SwiftBot.h; sourceTree = "<group>"; };
		A3CBABE31CE024FA002295C9 /* Info.plist */ = {isa = PBXFileReference; lastKnownFileType = text.plist.xml; path = Info.plist; sourceTree = "<group>"; };
/* End PBXFileReference section */

/* Begin PBXFrameworksBuildPhase section */
		7D4D5A841D9704A000619CA5 /* Frameworks */ = {
			isa = PBXFrameworksBuildPhase;
			buildActionMask = 2147483647;
			files = (
				7D4D5A941D970ABE00619CA5 /* libSwiftBot.dylib in Frameworks */,
			);
			runOnlyForDeploymentPostprocessing = 0;
		};
		A38D92BB1D0A6D8E003CD997 /* Frameworks */ = {
			isa = PBXFrameworksBuildPhase;
			buildActionMask = 2147483647;
			files = (
			);
			runOnlyForDeploymentPostprocessing = 0;
		};
		A38D92CA1D0E5539003CD997 /* Frameworks */ = {
			isa = PBXFrameworksBuildPhase;
			buildActionMask = 2147483647;
			files = (
			);
			runOnlyForDeploymentPostprocessing = 0;
		};
/* End PBXFrameworksBuildPhase section */

/* Begin PBXGroup section */
		7D4D5A881D9704A000619CA5 /* SwiftBot-Solution-Tester */ = {
			isa = PBXGroup;
			children = (
				7D4D5A891D9704A000619CA5 /* main.swift */,
				7D4D5A911D97053E00619CA5 /* TEST_LEVELS.swift */,
			);
			path = "SwiftBot-Solution-Tester";
			sourceTree = "<group>";
		};
		7DA3F2F21CE39ACC00AE5B53 /* PlaygroundSupport */ = {
			isa = PBXGroup;
			children = (
				A398A6441CDED9D90034831A /* PlaygroundShim.swift */,
				7DA3F2F31CE3A0CF00AE5B53 /* RobotView.swift */,
			);
			path = PlaygroundSupport;
			sourceTree = "<group>";
		};
		A38D92CE1D0E553A003CD997 /* SwiftBot-Prototyper */ = {
			isa = PBXGroup;
			children = (
				A38D92CF1D0E553A003CD997 /* AppDelegate.swift */,
				A38D92D11D0E553A003CD997 /* ViewController.swift */,
				A38D92E91D0E5C53003CD997 /* MetalWorker.swift */,
				A38D92E11D0E5739003CD997 /* BufferSource.swift */,
				A38D92D31D0E553A003CD997 /* Assets.xcassets */,
				A38D92D51D0E553A003CD997 /* Main.storyboard */,
				A38D92D81D0E553A003CD997 /* Info.plist */,
				A38D92E51D0E595B003CD997 /* Shaders.metal */,
			);
			path = "SwiftBot-Prototyper";
			sourceTree = "<group>";
		};
		A38D92F21D0E6DBD003CD997 /* SwiftBot-Prototyping */ = {
			isa = PBXGroup;
			children = (
				A38D92F31D0E6DFB003CD997 /* LEVELS.swift */,
			);
			name = "SwiftBot-Prototyping";
			sourceTree = "<group>";
		};
		A398A61A1CDED3460034831A = {
			isa = PBXGroup;
			children = (
				7DA3F2F21CE39ACC00AE5B53 /* PlaygroundSupport */,
				A398A63B1CDED9980034831A /* SwiftBot */,
				A38D92F21D0E6DBD003CD997 /* SwiftBot-Prototyping */,
				A398A63C1CDED9A40034831A /* Playgrounds */,
				A3CBABE01CE024FA002295C9 /* SwiftBot */,
				A38D92CE1D0E553A003CD997 /* SwiftBot-Prototyper */,
				7D4D5A881D9704A000619CA5 /* SwiftBot-Solution-Tester */,
				A3CBABDF1CE024FA002295C9 /* Products */,
			);
			sourceTree = "<group>";
		};
		A398A63B1CDED9980034831A /* SwiftBot */ = {
			isa = PBXGroup;
			children = (
				A398A6401CDED9D90034831A /* Execution.swift */,
				A398A6411CDED9D90034831A /* Geometry.swift */,
				A398A6421CDED9D90034831A /* Level.swift */,
				A398A6431CDED9D90034831A /* Map.swift */,
				A34F9E941CED565B00EF361C /* RobotInstructions.swift */,
				A34F9E961CED613200EF361C /* Debug.swift */,
				A38D92EB1D0E602D003CD997 /* Renderer.swift */,
				A38D92EE1D0E6222003CD997 /* RendererTypes.swift */,
			);
			path = SwiftBot;
			sourceTree = "<group>";
		};
		A398A63C1CDED9A40034831A /* Playgrounds */ = {
			isa = PBXGroup;
			children = (
				A398A63F1CDED9CD0034831A /* Intro.playground */,
				A398A63E1CDED9CD0034831A /* Conditions.playground */,
				A398A6461CDEDE400034831A /* Midpoint.playground */,
				A398A63D1CDED9CD0034831A /* Grid.playground */,
				7DA3F2F41CEB9CF900AE5B53 /* Maze.playground */,
			);
			path = Playgrounds;
			sourceTree = "<group>";
		};
		A3CBABDF1CE024FA002295C9 /* Products */ = {
			isa = PBXGroup;
			children = (
				A38D92BE1D0A6D8E003CD997 /* libSwiftBot.dylib */,
				A38D92CD1D0E5539003CD997 /* SwiftBot-Prototyper.app */,
				7D4D5A871D9704A000619CA5 /* SwiftBot-Solution-Tester */,
			);
			name = Products;
			sourceTree = "<group>";
		};
		A3CBABE01CE024FA002295C9 /* SwiftBot */ = {
			isa = PBXGroup;
			children = (
				A3CBABE11CE024FA002295C9 /* SwiftBot.h */,
				A3CBABE31CE024FA002295C9 /* Info.plist */,
			);
			path = SwiftBot;
			sourceTree = "<group>";
		};
/* End PBXGroup section */

/* Begin PBXHeadersBuildPhase section */
		A38D92BC1D0A6D8E003CD997 /* Headers */ = {
			isa = PBXHeadersBuildPhase;
			buildActionMask = 2147483647;
			files = (
			);
			runOnlyForDeploymentPostprocessing = 0;
		};
/* End PBXHeadersBuildPhase section */

/* Begin PBXNativeTarget section */
		7D4D5A861D9704A000619CA5 /* SwiftBot-Solution-Tester */ = {
			isa = PBXNativeTarget;
			buildConfigurationList = 7D4D5A8D1D9704A000619CA5 /* Build configuration list for PBXNativeTarget "SwiftBot-Solution-Tester" */;
			buildPhases = (
				7D4D5A831D9704A000619CA5 /* Sources */,
				7D4D5A841D9704A000619CA5 /* Frameworks */,
				7D4D5A851D9704A000619CA5 /* CopyFiles */,
			);
			buildRules = (
			);
			dependencies = (
			);
			name = "SwiftBot-Solution-Tester";
			productName = "SwiftBot-Solution-Tester";
			productReference = 7D4D5A871D9704A000619CA5 /* SwiftBot-Solution-Tester */;
			productType = "com.apple.product-type.tool";
		};
		A38D92BD1D0A6D8E003CD997 /* SwiftBot */ = {
			isa = PBXNativeTarget;
			buildConfigurationList = A38D92BF1D0A6D8E003CD997 /* Build configuration list for PBXNativeTarget "SwiftBot" */;
			buildPhases = (
				A38D92BA1D0A6D8E003CD997 /* Sources */,
				A38D92BB1D0A6D8E003CD997 /* Frameworks */,
				A38D92BC1D0A6D8E003CD997 /* Headers */,
			);
			buildRules = (
			);
			dependencies = (
			);
			name = SwiftBot;
			productName = SwiftBot;
			productReference = A38D92BE1D0A6D8E003CD997 /* libSwiftBot.dylib */;
			productType = "com.apple.product-type.library.dynamic";
		};
		A38D92CC1D0E5539003CD997 /* SwiftBot-Prototyper */ = {
			isa = PBXNativeTarget;
			buildConfigurationList = A38D92D91D0E553A003CD997 /* Build configuration list for PBXNativeTarget "SwiftBot-Prototyper" */;
			buildPhases = (
				A38D92C91D0E5539003CD997 /* Sources */,
				A38D92CA1D0E5539003CD997 /* Frameworks */,
				A38D92CB1D0E5539003CD997 /* Resources */,
			);
			buildRules = (
			);
			dependencies = (
				A38D92DD1D0E554C003CD997 /* PBXTargetDependency */,
			);
			name = "SwiftBot-Prototyper";
			productName = "SwiftBot-Prototyper";
			productReference = A38D92CD1D0E5539003CD997 /* SwiftBot-Prototyper.app */;
			productType = "com.apple.product-type.application";
		};
/* End PBXNativeTarget section */

/* Begin PBXProject section */
		A398A61B1CDED3460034831A /* Project object */ = {
			isa = PBXProject;
			attributes = {
				LastSwiftUpdateCheck = 0720;
				LastUpgradeCheck = 0730;
				TargetAttributes = {
					7D4D5A861D9704A000619CA5 = {
						CreatedOnToolsVersion = 7.2.1;
					};
					A38D92BD1D0A6D8E003CD997 = {
						CreatedOnToolsVersion = 7.3;
					};
					A38D92CC1D0E5539003CD997 = {
						CreatedOnToolsVersion = 7.3;
					};
					A398A6231CDED3840034831A = {
						CreatedOnToolsVersion = 7.3;
					};
				};
			};
			buildConfigurationList = A398A61E1CDED3460034831A /* Build configuration list for PBXProject "SwiftBot" */;
			compatibilityVersion = "Xcode 3.2";
			developmentRegion = English;
			hasScannedForEncodings = 0;
			knownRegions = (
				en,
				Base,
			);
			mainGroup = A398A61A1CDED3460034831A;
			productRefGroup = A3CBABDF1CE024FA002295C9 /* Products */;
			projectDirPath = "";
			projectRoot = "";
			targets = (
				A398A6231CDED3840034831A /* Compile Playgrounds */,
				A38D92BD1D0A6D8E003CD997 /* SwiftBot */,
				A38D92CC1D0E5539003CD997 /* SwiftBot-Prototyper */,
				7D4D5A861D9704A000619CA5 /* SwiftBot-Solution-Tester */,
			);
		};
/* End PBXProject section */

/* Begin PBXResourcesBuildPhase section */
		A38D92CB1D0E5539003CD997 /* Resources */ = {
			isa = PBXResourcesBuildPhase;
			buildActionMask = 2147483647;
			files = (
				A38D92D41D0E553A003CD997 /* Assets.xcassets in Resources */,
				A38D92D71D0E553A003CD997 /* Main.storyboard in Resources */,
			);
			runOnlyForDeploymentPostprocessing = 0;
		};
/* End PBXResourcesBuildPhase section */

/* Begin PBXShellScriptBuildPhase section */
		A398A6341CDED4EB0034831A /* ShellScript */ = {
			isa = PBXShellScriptBuildPhase;
			buildActionMask = 2147483647;
			files = (
			);
			inputPaths = (
			);
			outputPaths = (
			);
			runOnlyForDeploymentPostprocessing = 0;
			shellPath = /bin/bash;
			shellScript = "cd \"$PROJECT_DIR/Playgrounds\";\nfor i in *.playground; do\n  for j in ../SwiftBot/*.swift; do\n    cp $j $i/Sources\n  done\n  for k in ../PlaygroundSupport/*.swift; do\n    cp $k $i/Sources\n  done\ndone";
		};
/* End PBXShellScriptBuildPhase section */

/* Begin PBXSourcesBuildPhase section */
		7D4D5A831D9704A000619CA5 /* Sources */ = {
			isa = PBXSourcesBuildPhase;
			buildActionMask = 2147483647;
			files = (
				7D4D5A921D97053E00619CA5 /* TEST_LEVELS.swift in Sources */,
				7D4D5A8A1D9704A000619CA5 /* main.swift in Sources */,
			);
			runOnlyForDeploymentPostprocessing = 0;
		};
		A38D92BA1D0A6D8E003CD997 /* Sources */ = {
			isa = PBXSourcesBuildPhase;
			buildActionMask = 2147483647;
			files = (
				A38D92C41D0A6DAC003CD997 /* Level.swift in Sources */,
				A38D92C71D0A6DAC003CD997 /* Debug.swift in Sources */,
				A38D92EF1D0E6222003CD997 /* RendererTypes.swift in Sources */,
				A38D92EC1D0E602D003CD997 /* Renderer.swift in Sources */,
				A38D92C21D0A6D9E003CD997 /* Execution.swift in Sources */,
				A38D92C51D0A6DAC003CD997 /* Map.swift in Sources */,
				A38D92C61D0A6DAC003CD997 /* RobotInstructions.swift in Sources */,
				A38D92C31D0A6DAC003CD997 /* Geometry.swift in Sources */,
				A38D92F41D0E6DFB003CD997 /* LEVELS.swift in Sources */,
			);
			runOnlyForDeploymentPostprocessing = 0;
		};
		A38D92C91D0E5539003CD997 /* Sources */ = {
			isa = PBXSourcesBuildPhase;
			buildActionMask = 2147483647;
			files = (
				A38D92E81D0E5A00003CD997 /* Shaders.metal in Sources */,
				A38D92E21D0E5739003CD997 /* BufferSource.swift in Sources */,
				A38D92EA1D0E5C53003CD997 /* MetalWorker.swift in Sources */,
				A38D92D21D0E553A003CD997 /* ViewController.swift in Sources */,
				A38D92D01D0E553A003CD997 /* AppDelegate.swift in Sources */,
			);
			runOnlyForDeploymentPostprocessing = 0;
		};
/* End PBXSourcesBuildPhase section */

/* Begin PBXTargetDependency section */
		A38D92DD1D0E554C003CD997 /* PBXTargetDependency */ = {
			isa = PBXTargetDependency;
			target = A38D92BD1D0A6D8E003CD997 /* SwiftBot */;
			targetProxy = A38D92DC1D0E554C003CD997 /* PBXContainerItemProxy */;
		};
/* End PBXTargetDependency section */

/* Begin PBXVariantGroup section */
		A38D92D51D0E553A003CD997 /* Main.storyboard */ = {
			isa = PBXVariantGroup;
			children = (
				A38D92D61D0E553A003CD997 /* Base */,
			);
			name = Main.storyboard;
			sourceTree = "<group>";
		};
/* End PBXVariantGroup section */

/* Begin XCBuildConfiguration section */
		7D4D5A8B1D9704A000619CA5 /* Debug */ = {
			isa = XCBuildConfiguration;
			buildSettings = {
				ALWAYS_SEARCH_USER_PATHS = NO;
				CLANG_CXX_LANGUAGE_STANDARD = "gnu++0x";
				CLANG_CXX_LIBRARY = "libc++";
				CLANG_ENABLE_MODULES = YES;
				CLANG_ENABLE_OBJC_ARC = YES;
				CLANG_WARN_BOOL_CONVERSION = YES;
				CLANG_WARN_CONSTANT_CONVERSION = YES;
				CLANG_WARN_DIRECT_OBJC_ISA_USAGE = YES_ERROR;
				CLANG_WARN_EMPTY_BODY = YES;
				CLANG_WARN_ENUM_CONVERSION = YES;
				CLANG_WARN_INT_CONVERSION = YES;
				CLANG_WARN_OBJC_ROOT_CLASS = YES_ERROR;
				CLANG_WARN_UNREACHABLE_CODE = YES;
				CLANG_WARN__DUPLICATE_METHOD_MATCH = YES;
				CODE_SIGN_IDENTITY = "";
				COPY_PHASE_STRIP = NO;
				DEBUG_INFORMATION_FORMAT = dwarf;
				EMBEDDED_CONTENT_CONTAINS_SWIFT = NO;
				ENABLE_STRICT_OBJC_MSGSEND = YES;
				ENABLE_TESTABILITY = YES;
				GCC_C_LANGUAGE_STANDARD = gnu99;
				GCC_DYNAMIC_NO_PIC = NO;
				GCC_NO_COMMON_BLOCKS = YES;
				GCC_OPTIMIZATION_LEVEL = 0;
				GCC_PREPROCESSOR_DEFINITIONS = (
					"DEBUG=1",
					"$(inherited)",
				);
				GCC_WARN_64_TO_32_BIT_CONVERSION = YES;
				GCC_WARN_ABOUT_RETURN_TYPE = YES_ERROR;
				GCC_WARN_UNDECLARED_SELECTOR = YES;
				GCC_WARN_UNINITIALIZED_AUTOS = YES_AGGRESSIVE;
				GCC_WARN_UNUSED_FUNCTION = YES;
				GCC_WARN_UNUSED_VARIABLE = YES;
				LD_RUNPATH_SEARCH_PATHS = "";
				LIBRARY_SEARCH_PATHS = "";
				MACOSX_DEPLOYMENT_TARGET = 10.11;
				MTL_ENABLE_DEBUG_INFO = YES;
				ONLY_ACTIVE_ARCH = YES;
				PRODUCT_NAME = "$(TARGET_NAME)";
				SDKROOT = macosx;
				SWIFT_OPTIMIZATION_LEVEL = "-Onone";
			};
			name = Debug;
		};
		7D4D5A8C1D9704A000619CA5 /* Release */ = {
			isa = XCBuildConfiguration;
			buildSettings = {
				ALWAYS_SEARCH_USER_PATHS = NO;
				CLANG_CXX_LANGUAGE_STANDARD = "gnu++0x";
				CLANG_CXX_LIBRARY = "libc++";
				CLANG_ENABLE_MODULES = YES;
				CLANG_ENABLE_OBJC_ARC = YES;
				CLANG_WARN_BOOL_CONVERSION = YES;
				CLANG_WARN_CONSTANT_CONVERSION = YES;
				CLANG_WARN_DIRECT_OBJC_ISA_USAGE = YES_ERROR;
				CLANG_WARN_EMPTY_BODY = YES;
				CLANG_WARN_ENUM_CONVERSION = YES;
				CLANG_WARN_INT_CONVERSION = YES;
				CLANG_WARN_OBJC_ROOT_CLASS = YES_ERROR;
				CLANG_WARN_UNREACHABLE_CODE = YES;
				CLANG_WARN__DUPLICATE_METHOD_MATCH = YES;
				CODE_SIGN_IDENTITY = "";
				COPY_PHASE_STRIP = NO;
				DEBUG_INFORMATION_FORMAT = "dwarf-with-dsym";
				EMBEDDED_CONTENT_CONTAINS_SWIFT = NO;
				ENABLE_NS_ASSERTIONS = NO;
				ENABLE_STRICT_OBJC_MSGSEND = YES;
				GCC_C_LANGUAGE_STANDARD = gnu99;
				GCC_NO_COMMON_BLOCKS = YES;
				GCC_WARN_64_TO_32_BIT_CONVERSION = YES;
				GCC_WARN_ABOUT_RETURN_TYPE = YES_ERROR;
				GCC_WARN_UNDECLARED_SELECTOR = YES;
				GCC_WARN_UNINITIALIZED_AUTOS = YES_AGGRESSIVE;
				GCC_WARN_UNUSED_FUNCTION = YES;
				GCC_WARN_UNUSED_VARIABLE = YES;
				LD_RUNPATH_SEARCH_PATHS = "";
				LIBRARY_SEARCH_PATHS = "";
				MACOSX_DEPLOYMENT_TARGET = 10.11;
				MTL_ENABLE_DEBUG_INFO = NO;
				PRODUCT_NAME = "$(TARGET_NAME)";
				SDKROOT = macosx;
			};
			name = Release;
		};
		A38D92C01D0A6D8E003CD997 /* Debug */ = {
			isa = XCBuildConfiguration;
			buildSettings = {
				ALWAYS_SEARCH_USER_PATHS = NO;
				CLANG_ANALYZER_NONNULL = YES;
				CLANG_CXX_LANGUAGE_STANDARD = "gnu++0x";
				CLANG_CXX_LIBRARY = "libc++";
				CLANG_ENABLE_MODULES = YES;
				CLANG_ENABLE_OBJC_ARC = YES;
				CLANG_WARN_BOOL_CONVERSION = YES;
				CLANG_WARN_CONSTANT_CONVERSION = YES;
				CLANG_WARN_DIRECT_OBJC_ISA_USAGE = YES_ERROR;
				CLANG_WARN_EMPTY_BODY = YES;
				CLANG_WARN_ENUM_CONVERSION = YES;
				CLANG_WARN_INT_CONVERSION = YES;
				CLANG_WARN_OBJC_ROOT_CLASS = YES_ERROR;
				CLANG_WARN_UNREACHABLE_CODE = YES;
				CLANG_WARN__DUPLICATE_METHOD_MATCH = YES;
				CODE_SIGN_IDENTITY = "";
				COPY_PHASE_STRIP = NO;
				DEBUG_INFORMATION_FORMAT = dwarf;
				DYLIB_COMPATIBILITY_VERSION = 1;
				DYLIB_CURRENT_VERSION = 1;
				EMBEDDED_CONTENT_CONTAINS_SWIFT = NO;
				ENABLE_STRICT_OBJC_MSGSEND = YES;
				ENABLE_TESTABILITY = YES;
				EXECUTABLE_PREFIX = lib;
				EXPORTED_SYMBOLS_FILE = "";
				GCC_C_LANGUAGE_STANDARD = gnu99;
				GCC_DYNAMIC_NO_PIC = NO;
				GCC_NO_COMMON_BLOCKS = YES;
				GCC_OPTIMIZATION_LEVEL = 0;
				GCC_PREPROCESSOR_DEFINITIONS = (
					"DEBUG=1",
					"$(inherited)",
				);
				GCC_WARN_64_TO_32_BIT_CONVERSION = YES;
				GCC_WARN_ABOUT_RETURN_TYPE = YES_ERROR;
				GCC_WARN_UNDECLARED_SELECTOR = YES;
				GCC_WARN_UNINITIALIZED_AUTOS = YES_AGGRESSIVE;
				GCC_WARN_UNUSED_FUNCTION = YES;
				GCC_WARN_UNUSED_VARIABLE = YES;
				INSTALL_PATH = "@rpath";
				MACOSX_DEPLOYMENT_TARGET = 10.11;
				MTL_ENABLE_DEBUG_INFO = YES;
				ONLY_ACTIVE_ARCH = YES;
				OTHER_LDFLAGS = (
					"-Xlinker",
					"-export_dynamic",
				);
				PRODUCT_NAME = "$(TARGET_NAME)";
				SDKROOT = macosx;
				STRIP_INSTALLED_PRODUCT = YES;
				UNEXPORTED_SYMBOLS_FILE = "";
			};
			name = Debug;
		};
		A38D92C11D0A6D8E003CD997 /* Release */ = {
			isa = XCBuildConfiguration;
			buildSettings = {
				ALWAYS_SEARCH_USER_PATHS = NO;
				CLANG_ANALYZER_NONNULL = YES;
				CLANG_CXX_LANGUAGE_STANDARD = "gnu++0x";
				CLANG_CXX_LIBRARY = "libc++";
				CLANG_ENABLE_MODULES = YES;
				CLANG_ENABLE_OBJC_ARC = YES;
				CLANG_WARN_BOOL_CONVERSION = YES;
				CLANG_WARN_CONSTANT_CONVERSION = YES;
				CLANG_WARN_DIRECT_OBJC_ISA_USAGE = YES_ERROR;
				CLANG_WARN_EMPTY_BODY = YES;
				CLANG_WARN_ENUM_CONVERSION = YES;
				CLANG_WARN_INT_CONVERSION = YES;
				CLANG_WARN_OBJC_ROOT_CLASS = YES_ERROR;
				CLANG_WARN_UNREACHABLE_CODE = YES;
				CLANG_WARN__DUPLICATE_METHOD_MATCH = YES;
				CODE_SIGN_IDENTITY = "";
				COPY_PHASE_STRIP = NO;
				DEBUG_INFORMATION_FORMAT = "dwarf-with-dsym";
				DYLIB_COMPATIBILITY_VERSION = 1;
				DYLIB_CURRENT_VERSION = 1;
				EMBEDDED_CONTENT_CONTAINS_SWIFT = NO;
				ENABLE_NS_ASSERTIONS = NO;
				ENABLE_STRICT_OBJC_MSGSEND = YES;
				EXECUTABLE_PREFIX = lib;
				EXPORTED_SYMBOLS_FILE = "";
				GCC_C_LANGUAGE_STANDARD = gnu99;
				GCC_NO_COMMON_BLOCKS = YES;
				GCC_WARN_64_TO_32_BIT_CONVERSION = YES;
				GCC_WARN_ABOUT_RETURN_TYPE = YES_ERROR;
				GCC_WARN_UNDECLARED_SELECTOR = YES;
				GCC_WARN_UNINITIALIZED_AUTOS = YES_AGGRESSIVE;
				GCC_WARN_UNUSED_FUNCTION = YES;
				GCC_WARN_UNUSED_VARIABLE = YES;
				INSTALL_PATH = "@rpath";
				MACOSX_DEPLOYMENT_TARGET = 10.11;
				MTL_ENABLE_DEBUG_INFO = NO;
				OTHER_LDFLAGS = (
					"-Xlinker",
					"-export_dynamic",
				);
				PRODUCT_NAME = "$(TARGET_NAME)";
				SDKROOT = macosx;
				STRIP_INSTALLED_PRODUCT = YES;
				UNEXPORTED_SYMBOLS_FILE = "";
			};
			name = Release;
		};
		A38D92DA1D0E553A003CD997 /* Debug */ = {
			isa = XCBuildConfiguration;
			buildSettings = {
				ALWAYS_SEARCH_USER_PATHS = NO;
				ASSETCATALOG_COMPILER_APPICON_NAME = AppIcon;
				CLANG_ANALYZER_NONNULL = YES;
				CLANG_CXX_LANGUAGE_STANDARD = "gnu++0x";
				CLANG_CXX_LIBRARY = "libc++";
				CLANG_ENABLE_MODULES = YES;
				CLANG_ENABLE_OBJC_ARC = YES;
				CLANG_WARN_BOOL_CONVERSION = YES;
				CLANG_WARN_CONSTANT_CONVERSION = YES;
				CLANG_WARN_DIRECT_OBJC_ISA_USAGE = YES_ERROR;
				CLANG_WARN_EMPTY_BODY = YES;
				CLANG_WARN_ENUM_CONVERSION = YES;
				CLANG_WARN_INT_CONVERSION = YES;
				CLANG_WARN_OBJC_ROOT_CLASS = YES_ERROR;
				CLANG_WARN_UNREACHABLE_CODE = YES;
				CLANG_WARN__DUPLICATE_METHOD_MATCH = YES;
				CODE_SIGN_IDENTITY = "-";
				COMBINE_HIDPI_IMAGES = YES;
				COPY_PHASE_STRIP = NO;
				DEBUG_INFORMATION_FORMAT = dwarf;
				ENABLE_STRICT_OBJC_MSGSEND = YES;
				ENABLE_TESTABILITY = YES;
				GCC_C_LANGUAGE_STANDARD = gnu99;
				GCC_DYNAMIC_NO_PIC = NO;
				GCC_NO_COMMON_BLOCKS = YES;
				GCC_OPTIMIZATION_LEVEL = 0;
				GCC_PREPROCESSOR_DEFINITIONS = (
					"DEBUG=1",
					"$(inherited)",
				);
				GCC_WARN_64_TO_32_BIT_CONVERSION = YES;
				GCC_WARN_ABOUT_RETURN_TYPE = YES_ERROR;
				GCC_WARN_UNDECLARED_SELECTOR = YES;
				GCC_WARN_UNINITIALIZED_AUTOS = YES_AGGRESSIVE;
				GCC_WARN_UNUSED_FUNCTION = YES;
				GCC_WARN_UNUSED_VARIABLE = YES;
				INFOPLIST_FILE = "SwiftBot-Prototyper/Info.plist";
				LD_RUNPATH_SEARCH_PATHS = "$(inherited) @executable_path/../Frameworks";
				MACOSX_DEPLOYMENT_TARGET = 10.11;
				MTL_ENABLE_DEBUG_INFO = YES;
				ONLY_ACTIVE_ARCH = YES;
				PRODUCT_BUNDLE_IDENTIFIER = "local.seanhickey.SwiftBot-Prototyper";
				PRODUCT_NAME = "$(TARGET_NAME)";
				SDKROOT = macosx;
				SWIFT_OPTIMIZATION_LEVEL = "-Onone";
			};
			name = Debug;
		};
		A38D92DB1D0E553A003CD997 /* Release */ = {
			isa = XCBuildConfiguration;
			buildSettings = {
				ALWAYS_SEARCH_USER_PATHS = NO;
				ASSETCATALOG_COMPILER_APPICON_NAME = AppIcon;
				CLANG_ANALYZER_NONNULL = YES;
				CLANG_CXX_LANGUAGE_STANDARD = "gnu++0x";
				CLANG_CXX_LIBRARY = "libc++";
				CLANG_ENABLE_MODULES = YES;
				CLANG_ENABLE_OBJC_ARC = YES;
				CLANG_WARN_BOOL_CONVERSION = YES;
				CLANG_WARN_CONSTANT_CONVERSION = YES;
				CLANG_WARN_DIRECT_OBJC_ISA_USAGE = YES_ERROR;
				CLANG_WARN_EMPTY_BODY = YES;
				CLANG_WARN_ENUM_CONVERSION = YES;
				CLANG_WARN_INT_CONVERSION = YES;
				CLANG_WARN_OBJC_ROOT_CLASS = YES_ERROR;
				CLANG_WARN_UNREACHABLE_CODE = YES;
				CLANG_WARN__DUPLICATE_METHOD_MATCH = YES;
				CODE_SIGN_IDENTITY = "-";
				COMBINE_HIDPI_IMAGES = YES;
				COPY_PHASE_STRIP = NO;
				DEBUG_INFORMATION_FORMAT = "dwarf-with-dsym";
				ENABLE_NS_ASSERTIONS = NO;
				ENABLE_STRICT_OBJC_MSGSEND = YES;
				GCC_C_LANGUAGE_STANDARD = gnu99;
				GCC_NO_COMMON_BLOCKS = YES;
				GCC_WARN_64_TO_32_BIT_CONVERSION = YES;
				GCC_WARN_ABOUT_RETURN_TYPE = YES_ERROR;
				GCC_WARN_UNDECLARED_SELECTOR = YES;
				GCC_WARN_UNINITIALIZED_AUTOS = YES_AGGRESSIVE;
				GCC_WARN_UNUSED_FUNCTION = YES;
				GCC_WARN_UNUSED_VARIABLE = YES;
				INFOPLIST_FILE = "SwiftBot-Prototyper/Info.plist";
				LD_RUNPATH_SEARCH_PATHS = "$(inherited) @executable_path/../Frameworks";
				MACOSX_DEPLOYMENT_TARGET = 10.11;
				MTL_ENABLE_DEBUG_INFO = NO;
				PRODUCT_BUNDLE_IDENTIFIER = "local.seanhickey.SwiftBot-Prototyper";
				PRODUCT_NAME = "$(TARGET_NAME)";
				SDKROOT = macosx;
			};
			name = Release;
		};
		A398A61F1CDED3460034831A /* Debug */ = {
			isa = XCBuildConfiguration;
			buildSettings = {
			};
			name = Debug;
		};
		A398A6201CDED3460034831A /* Release */ = {
			isa = XCBuildConfiguration;
			buildSettings = {
			};
			name = Release;
		};
		A398A6251CDED3840034831A /* Debug */ = {
			isa = XCBuildConfiguration;
			buildSettings = {
				PRODUCT_NAME = "$(TARGET_NAME)";
			};
			name = Debug;
		};
		A398A6261CDED3840034831A /* Release */ = {
			isa = XCBuildConfiguration;
			buildSettings = {
				PRODUCT_NAME = "$(TARGET_NAME)";
			};
			name = Release;
		};
/* End XCBuildConfiguration section */

/* Begin XCConfigurationList section */
		7D4D5A8D1D9704A000619CA5 /* Build configuration list for PBXNativeTarget "SwiftBot-Solution-Tester" */ = {
			isa = XCConfigurationList;
			buildConfigurations = (
				7D4D5A8B1D9704A000619CA5 /* Debug */,
				7D4D5A8C1D9704A000619CA5 /* Release */,
			);
			defaultConfigurationIsVisible = 0;
			defaultConfigurationName = Release;
		};
		A38D92BF1D0A6D8E003CD997 /* Build configuration list for PBXNativeTarget "SwiftBot" */ = {
			isa = XCConfigurationList;
			buildConfigurations = (
				A38D92C01D0A6D8E003CD997 /* Debug */,
				A38D92C11D0A6D8E003CD997 /* Release */,
			);
			defaultConfigurationIsVisible = 0;
			defaultConfigurationName = Release;
		};
		A38D92D91D0E553A003CD997 /* Build configuration list for PBXNativeTarget "SwiftBot-Prototyper" */ = {
			isa = XCConfigurationList;
			buildConfigurations = (
				A38D92DA1D0E553A003CD997 /* Debug */,
				A38D92DB1D0E553A003CD997 /* Release */,
			);
			defaultConfigurationIsVisible = 0;
			defaultConfigurationName = Release;
		};
		A398A61E1CDED3460034831A /* Build configuration list for PBXProject "SwiftBot" */ = {
			isa = XCConfigurationList;
			buildConfigurations = (
				A398A61F1CDED3460034831A /* Debug */,
				A398A6201CDED3460034831A /* Release */,
			);
			defaultConfigurationIsVisible = 0;
			defaultConfigurationName = Release;
		};
		A398A6241CDED3840034831A /* Build configuration list for PBXAggregateTarget "Compile Playgrounds" */ = {
			isa = XCConfigurationList;
			buildConfigurations = (
				A398A6251CDED3840034831A /* Debug */,
				A398A6261CDED3840034831A /* Release */,
			);
			defaultConfigurationIsVisible = 0;
			defaultConfigurationName = Release;
		};
/* End XCConfigurationList section */
	};
	rootObject = A398A61B1CDED3460034831A /* Project object */;
}
